// !$*UTF8*$!
{
	archiveVersion = 1;
	classes = {
	};
	objectVersion = 46;
	objects = {
		729256817FA26A254189B803 = {
			isa = PBXBuildFile;
			fileRef = DC273E140B9857001A0821C0;
		};
		75035501A7CF2F26E6D328D8 = {
			isa = PBXBuildFile;
			fileRef = 726A8905C37A649EF9C5F1D4;
		};
		CE54D3CEFB748A3F1929C420 = {
			isa = PBXBuildFile;
			fileRef = D5862C9AEFBFA4590E4E225B;
		};
		33937E260F6A72DD1177FE62 = {
			isa = PBXBuildFile;
			fileRef = A40927A25D2A1D4D9305F9C0;
		};
		7909252D371ADE44E9FDCD8E = {
			isa = PBXBuildFile;
			fileRef = 409DBA1CEF7F82DB8607AF5D;
		};
		E39FECB5AE019E4E071E2F8E = {
			isa = PBXBuildFile;
			fileRef = 6C393C0EDD7E90BCAB91C5DF;
		};
		A23FE4C717A3891D69D5A9D5 = {
			isa = PBXBuildFile;
			fileRef = D58928919106DCE75B077D3E;
		};
		905A4A19DACF2BD3922B40EB = {
			isa = PBXBuildFile;
			fileRef = 45FE351D31071A7875ACCA14;
		};
		809D4AF3B27ABD660B1D1F15 = {
			isa = PBXBuildFile;
			fileRef = A5319D93B53C5A92F170B694;
		};
		6A1D2AAF54AA1E563E3F3855 = {
			isa = PBXBuildFile;
			fileRef = C3394A32F972F294A244398F;
		};
		A75E9C50E7176CD35EFADDE3 = {
			isa = PBXBuildFile;
			fileRef = 65B5A56152D6BE70B0AC5E1C;
		};
		B0BDFC5CC3B76E7DAA43364B = {
			isa = PBXBuildFile;
			fileRef = A3D0F1A2BAADE57419D487CD;
		};
		F772FEDF80E51BAD339C2568 = {
			isa = PBXBuildFile;
			fileRef = 8E6F388451769A81811DE377;
		};
		B17D5BA6A636B4F0C79D8DAB = {
			isa = PBXBuildFile;
			fileRef = 72878FBED160E7898B877B43;
		};
		4A1A1335FCC86578C9D276C1 = {
			isa = PBXBuildFile;
			fileRef = 7164CF9CED043725376781DD;
		};
		D2692329684998F28089DA73 = {
			isa = PBXBuildFile;
			fileRef = E35B196C6BF3E707B8D7CC0C;
		};
		E2E682DEDCD00D9C0D57A272 = {
			isa = PBXBuildFile;
			fileRef = C4F9BDFFB7A72C2E6C9610B9;
		};
		2B7F58A3519F65232FF9ED30 = {
			isa = PBXBuildFile;
			fileRef = 3C121D51C3D5090611DACAEC;
		};
		1F9D4AAFA9EFCDDC71E6B37E = {
			isa = PBXBuildFile;
			fileRef = 5092FBA61A1CB0175F5C9DC9;
		};
		7C85C36FA4B5FEAA6653A930 = {
			isa = PBXBuildFile;
			fileRef = 2053A616EAB52B613B956D79;
		};
		872335780B65E2FB85C58C7B = {
			isa = PBXBuildFile;
			fileRef = ED04A8E0C6033A4DA2A0EC18;
		};
		72EFE9C1C3DA2F793CE719CF = {
			isa = PBXBuildFile;
			fileRef = 3E431525AA44B802A2E55E62;
		};
		7C5E8BAC9968BDCA8D2E783F = {
			isa = PBXBuildFile;
			fileRef = 8D513C723B11E5759CACC5B3;
		};
		B91E703D06D1AE36AEA404C8 = {
			isa = PBXBuildFile;
			fileRef = C3082CB41B89563A66D73285;
		};
		A5DE9BC95D4920E0F7DF5258 = {
			isa = PBXBuildFile;
			fileRef = 4BC24460C35406EBFDE8E8CD;
		};
		7BDF1C7059968ACCCC17B4AC = {
			isa = PBXBuildFile;
			fileRef = 1186D06BB854804502B52136;
		};
		39C61CCA9895CF219C7CB29A = {
			isa = PBXBuildFile;
			fileRef = 9079847627D240B7F975B2C1;
		};
		22EF847F8F61472D88E5B7F8 = {
			isa = PBXBuildFile;
			fileRef = 39F8CCBF76DFE28AF5AA97B5;
		};
		5B044C5BC2FB7EC8D2C0FFBD = {
			isa = PBXBuildFile;
			fileRef = 479726E3851AFBB96ACC79F6;
		};
		33BFE0A96862620B1EF15239 = {
			isa = PBXBuildFile;
			fileRef = 14130AD82041584EA548EF56;
		};
		0A79954CEBE1295D35B4A716 = {
			isa = PBXBuildFile;
			fileRef = 84837EC52CB7C65DD7BE5BE7;
		};
		1B6CA06D8FC5A2C10E9A8855 = {
			isa = PBXBuildFile;
			fileRef = 57C94D13FE046325415E64C0;
		};
		4A5A0E536F59D871B4355F44 = {
			isa = PBXBuildFile;
			fileRef = A06D94B93A2A425292365FEC;
		};
		CF098944A747024D3763D971 = {
			isa = PBXBuildFile;
			fileRef = 63D010782EFF5898DBD0AB7B;
		};
		368DEFD8785492EE9F358C1C = {
			isa = PBXBuildFile;
			fileRef = 171DFD97E3C659B5476A24FC;
		};
		63373D776F4727F7E3875457 = {
			isa = PBXBuildFile;
			fileRef = A7D7E2714C890CD6DA2851BE;
		};
		2A5FDD0E279F24DB62770424 = {
			isa = PBXBuildFile;
			fileRef = 1147AC7FA41196D13080813F;
		};
		E083555DDA7F08BBF1A81B09 = {
			isa = PBXBuildFile;
			fileRef = D42BF472D95E8C04106D14B5;
		};
		7AF7718A65E9E8149AC6DCB6 = {
			isa = PBXBuildFile;
			fileRef = 31CFF8A706671D42510E4B9D;
		};
		82ED8C117FA5759A3AE8594A = {
			isa = PBXBuildFile;
			fileRef = 38ABE2DB4B3EF85422D2B53F;
		};
		E0660526B76EB5AE6ABE8D19 = {
			isa = PBXBuildFile;
			fileRef = 0B49CD923001EB30BB2EDCD1;
		};
		7925BDE73C079708FD7D46BE = {
			isa = PBXBuildFile;
			fileRef = 8C617467FC9B5C1D594A1FF1;
		};
		C44BA2381E6B93EA82A0F85C = {
			isa = PBXBuildFile;
			fileRef = AB6C5D5636671ED925A343F5;
		};
		0259AD716C38C575B9635012 = {
			isa = PBXBuildFile;
			fileRef = DDC3A0ED65C8E0B7B95301F1;
		};
		023870FAC81E7885A990099E = {
			isa = PBXFileReference;
			lastKnownFileType = text.plist.xml;
			name = "Info-App.plist";
			path = "Info-App.plist";
			sourceTree = "SOURCE_ROOT";
		};
		0696EAA936A1DE1CA0F34164 = {
			isa = PBXFileReference;
			lastKnownFileType = file;
			name = "juce_graphics";
			path = "/Applications/JUCE/modules/juce_graphics";
			sourceTree = "<absolute>";
		};
		0AA24E1C9DA60466F2A6339F = {
			isa = PBXFileReference;
			lastKnownFileType = sourcecode.c.h;
			name = "ui_Dial.h";
			path = "../../Source/lib/UIobjects/ui_Dial.h";
			sourceTree = "SOURCE_ROOT";
		};
		0B49CD923001EB30BB2EDCD1 = {
			isa = PBXFileReference;
			lastKnownFileType = sourcecode.cpp.objcpp;
			name = "include_juce_graphics.mm";
			path = "../../JuceLibraryCode/include_juce_graphics.mm";
			sourceTree = "SOURCE_ROOT";
		};
		0B70B03193EC2A39C665CD91 = {
			isa = PBXFileReference;
			lastKnownFileType = sourcecode.c.h;
			name = "ui_ToggleButton.h";
			path = "../../Source/lib/UIobjects/ui_ToggleButton.h";
			sourceTree = "SOURCE_ROOT";
		};
		1147AC7FA41196D13080813F = {
			isa = PBXFileReference;
			lastKnownFileType = sourcecode.cpp.objcpp;
			name = "include_juce_cryptography.mm";
			path = "../../JuceLibraryCode/include_juce_cryptography.mm";
			sourceTree = "SOURCE_ROOT";
		};
		1186D06BB854804502B52136 = {
			isa = PBXFileReference;
			lastKnownFileType = sourcecode.cpp.cpp;
			name = Outlet.cpp;
			path = ../../Source/lib/Outlet.cpp;
			sourceTree = "SOURCE_ROOT";
		};
		12FBD27877FFA5EE54D2E2D5 = {
			isa = PBXFileReference;
			lastKnownFileType = sourcecode.c.h;
			name = BinaryData.h;
			path = ../../JuceLibraryCode/BinaryData.h;
			sourceTree = "SOURCE_ROOT";
		};
		14004DBD91554F8E9F4EB09E = {
			isa = PBXFileReference;
			lastKnownFileType = file;
			name = "juce_audio_basics";
			path = "/Applications/JUCE/modules/juce_audio_basics";
			sourceTree = "<absolute>";
		};
		14130AD82041584EA548EF56 = {
			isa = PBXFileReference;
			lastKnownFileType = sourcecode.cpp.objcpp;
			name = "include_juce_audio_basics.mm";
			path = "../../JuceLibraryCode/include_juce_audio_basics.mm";
			sourceTree = "SOURCE_ROOT";
		};
		171DFD97E3C659B5476A24FC = {
			isa = PBXFileReference;
			lastKnownFileType = sourcecode.cpp.cpp;
			name = "include_juce_blocks_basics.cpp";
			path = "../../JuceLibraryCode/include_juce_blocks_basics.cpp";
			sourceTree = "SOURCE_ROOT";
		};
		1AD44E286CF01485A65C9A1A = {
			isa = PBXFileReference;
			lastKnownFileType = sourcecode.c.h;
			name = ModuleBox.h;
			path = ../../Source/lib/ModuleBox.h;
			sourceTree = "SOURCE_ROOT";
		};
		1AECD912FD23F13C816D676D = {
			isa = PBXFileReference;
			lastKnownFileType = sourcecode.c.h;
			name = Connections.h;
			path = ../../Source/lib/Connections.h;
			sourceTree = "SOURCE_ROOT";
		};
		1F5270416577F78C58A0EBC2 = {
			isa = PBXFileReference;
			lastKnownFileType = sourcecode.c.h;
			name = "module_Output.h";
			path = "../../Source/lib/modules/module_Output.h";
			sourceTree = "SOURCE_ROOT";
		};
		2053A616EAB52B613B956D79 = {
			isa = PBXFileReference;
			lastKnownFileType = sourcecode.cpp.cpp;
			name = Connections.cpp;
			path = ../../Source/lib/Connections.cpp;
			sourceTree = "SOURCE_ROOT";
		};
		2328A53088699F2013DE68DE = {
			isa = PBXFileReference;
			lastKnownFileType = file.svg;
			name = "Speaker_Icon.svg";
			path = "../../Source/resources/svg/Speaker_Icon.svg";
			sourceTree = "SOURCE_ROOT";
		};
		23E2C5204D09F0CE4EA6B8E2 = {
			isa = PBXFileReference;
			lastKnownFileType = sourcecode.c.h;
			name = Module.h;
			path = ../../Source/lib/Module.h;
			sourceTree = "SOURCE_ROOT";
		};
		26FC13B483B6A269DB4195D1 = {
			isa = PBXFileReference;
			lastKnownFileType = file;
			name = "juce_dsp";
			path = "/Applications/JUCE/modules/juce_dsp";
			sourceTree = "<absolute>";
		};
		2EFC38288B22A00BEC97BF83 = {
			isa = PBXFileReference;
			lastKnownFileType = sourcecode.c.h;
			name = "module_Gain.h";
			path = "../../Source/lib/modules/module_Gain.h";
			sourceTree = "SOURCE_ROOT";
		};
		31CFF8A706671D42510E4B9D = {
			isa = PBXFileReference;
			lastKnownFileType = sourcecode.cpp.objcpp;
			name = "include_juce_dsp.mm";
			path = "../../JuceLibraryCode/include_juce_dsp.mm";
			sourceTree = "SOURCE_ROOT";
		};
		326BBBDEB53D82EABA462AC5 = {
			isa = PBXFileReference;
			lastKnownFileType = file;
			name = "juce_audio_formats";
			path = "/Applications/JUCE/modules/juce_audio_formats";
			sourceTree = "<absolute>";
		};
		38ABE2DB4B3EF85422D2B53F = {
			isa = PBXFileReference;
			lastKnownFileType = sourcecode.cpp.objcpp;
			name = "include_juce_events.mm";
			path = "../../JuceLibraryCode/include_juce_events.mm";
			sourceTree = "SOURCE_ROOT";
		};
		39F8CCBF76DFE28AF5AA97B5 = {
			isa = PBXFileReference;
			lastKnownFileType = sourcecode.cpp.cpp;
			name = Main.cpp;
			path = ../../Source/src/Main.cpp;
			sourceTree = "SOURCE_ROOT";
		};
		3C121D51C3D5090611DACAEC = {
			isa = PBXFileReference;
			lastKnownFileType = sourcecode.cpp.cpp;
			name = "ui_Dial.cpp";
			path = "../../Source/lib/UIobjects/ui_Dial.cpp";
			sourceTree = "SOURCE_ROOT";
		};
		3E431525AA44B802A2E55E62 = {
			isa = PBXFileReference;
			lastKnownFileType = sourcecode.cpp.cpp;
			name = MainPatcher.cpp;
			path = ../../Source/lib/MainPatcher.cpp;
			sourceTree = "SOURCE_ROOT";
		};
		409DBA1CEF7F82DB8607AF5D = {
			isa = PBXFileReference;
			lastKnownFileType = wrapper.framework;
			name = Cocoa.framework;
			path = System/Library/Frameworks/Cocoa.framework;
			sourceTree = SDKROOT;
		};
		42DF739FBD0D658850D04215 = {
			isa = PBXFileReference;
			lastKnownFileType = file;
			name = "juce_audio_utils";
			path = "/Applications/JUCE/modules/juce_audio_utils";
			sourceTree = "<absolute>";
		};
		45FE351D31071A7875ACCA14 = {
			isa = PBXFileReference;
			lastKnownFileType = wrapper.framework;
			name = CoreMIDI.framework;
			path = System/Library/Frameworks/CoreMIDI.framework;
			sourceTree = SDKROOT;
		};
		479726E3851AFBB96ACC79F6 = {
			isa = PBXFileReference;
			lastKnownFileType = sourcecode.cpp.cpp;
			name = BinaryData.cpp;
			path = ../../JuceLibraryCode/BinaryData.cpp;
			sourceTree = "SOURCE_ROOT";
		};
		4BC24460C35406EBFDE8E8CD = {
			isa = PBXFileReference;
			lastKnownFileType = sourcecode.cpp.cpp;
			name = Inlet.cpp;
			path = ../../Source/lib/Inlet.cpp;
			sourceTree = "SOURCE_ROOT";
		};
		4EC7EE8D07A8A56EA6B3D55C = {
			isa = PBXFileReference;
			lastKnownFileType = sourcecode.c.h;
			name = Plug.h;
			path = ../../Source/lib/Plug.h;
			sourceTree = "SOURCE_ROOT";
		};
		4F953428D91B1AC5D360D767 = {
			isa = PBXFileReference;
			lastKnownFileType = file.wav;
			name = SinFormant.wav;
			path = ../../Source/resources/audio/SinFormant.wav;
			sourceTree = "SOURCE_ROOT";
		};
		5092FBA61A1CB0175F5C9DC9 = {
			isa = PBXFileReference;
			lastKnownFileType = sourcecode.cpp.cpp;
			name = "ui_SliderButton.cpp";
			path = "../../Source/lib/UIobjects/ui_SliderButton.cpp";
			sourceTree = "SOURCE_ROOT";
		};
		57C94D13FE046325415E64C0 = {
			isa = PBXFileReference;
			lastKnownFileType = sourcecode.cpp.objcpp;
			name = "include_juce_audio_formats.mm";
			path = "../../JuceLibraryCode/include_juce_audio_formats.mm";
			sourceTree = "SOURCE_ROOT";
		};
		5BD44830D0192D8731A41D6E = {
			isa = PBXFileReference;
			lastKnownFileType = sourcecode.c.h;
			name = JuceHeader.h;
			path = ../../JuceLibraryCode/JuceHeader.h;
			sourceTree = "SOURCE_ROOT";
		};
		63D010782EFF5898DBD0AB7B = {
			isa = PBXFileReference;
			lastKnownFileType = sourcecode.cpp.objcpp;
			name = "include_juce_audio_utils.mm";
			path = "../../JuceLibraryCode/include_juce_audio_utils.mm";
			sourceTree = "SOURCE_ROOT";
		};
		65B5A56152D6BE70B0AC5E1C = {
			isa = PBXFileReference;
			lastKnownFileType = wrapper.framework;
			name = OpenGL.framework;
			path = System/Library/Frameworks/OpenGL.framework;
			sourceTree = SDKROOT;
		};
		6C393C0EDD7E90BCAB91C5DF = {
			isa = PBXFileReference;
			lastKnownFileType = wrapper.framework;
			name = CoreAudio.framework;
			path = System/Library/Frameworks/CoreAudio.framework;
			sourceTree = SDKROOT;
		};
		7164CF9CED043725376781DD = {
			isa = PBXFileReference;
			lastKnownFileType = sourcecode.cpp.cpp;
			name = "module_Gain.cpp";
			path = "../../Source/lib/modules/module_Gain.cpp";
			sourceTree = "SOURCE_ROOT";
		};
		71D3F88E8B42CAB4CD339E12 = {
			isa = PBXFileReference;
			lastKnownFileType = file;
			name = "juce_audio_devices";
			path = "/Applications/JUCE/modules/juce_audio_devices";
			sourceTree = "<absolute>";
		};
		726A8905C37A649EF9C5F1D4 = {
			isa = PBXFileReference;
			lastKnownFileType = wrapper.framework;
			name = Accelerate.framework;
			path = System/Library/Frameworks/Accelerate.framework;
			sourceTree = SDKROOT;
		};
		72878FBED160E7898B877B43 = {
			isa = PBXFileReference;
			lastKnownFileType = file.nib;
			name = RecentFilesMenuTemplate.nib;
			path = RecentFilesMenuTemplate.nib;
			sourceTree = "SOURCE_ROOT";
		};
		84837EC52CB7C65DD7BE5BE7 = {
			isa = PBXFileReference;
			lastKnownFileType = sourcecode.cpp.objcpp;
			name = "include_juce_audio_devices.mm";
			path = "../../JuceLibraryCode/include_juce_audio_devices.mm";
			sourceTree = "SOURCE_ROOT";
		};
		84C01122FE7A223C5D747B6C = {
			isa = PBXFileReference;
			lastKnownFileType = sourcecode.c.h;
			name = "ui_SliderButton.h";
			path = "../../Source/lib/UIobjects/ui_SliderButton.h";
			sourceTree = "SOURCE_ROOT";
		};
		8C617467FC9B5C1D594A1FF1 = {
			isa = PBXFileReference;
			lastKnownFileType = sourcecode.cpp.objcpp;
			name = "include_juce_gui_basics.mm";
			path = "../../JuceLibraryCode/include_juce_gui_basics.mm";
			sourceTree = "SOURCE_ROOT";
		};
		8D513C723B11E5759CACC5B3 = {
			isa = PBXFileReference;
			lastKnownFileType = sourcecode.cpp.cpp;
			name = Module.cpp;
			path = ../../Source/lib/Module.cpp;
			sourceTree = "SOURCE_ROOT";
		};
		8E6F388451769A81811DE377 = {
			isa = PBXFileReference;
			lastKnownFileType = wrapper.framework;
			name = WebKit.framework;
			path = System/Library/Frameworks/WebKit.framework;
			sourceTree = SDKROOT;
		};
		9079847627D240B7F975B2C1 = {
			isa = PBXFileReference;
			lastKnownFileType = sourcecode.cpp.cpp;
			name = Plug.cpp;
			path = ../../Source/lib/Plug.cpp;
			sourceTree = "SOURCE_ROOT";
		};
		93DC649834E7C149D66986A9 = {
			isa = PBXFileReference;
			lastKnownFileType = file.wav;
			name = SinSquare.wav;
			path = ../../Source/resources/audio/SinSquare.wav;
			sourceTree = "SOURCE_ROOT";
		};
		945816576A270FB2A9BBE3A5 = {
			isa = PBXFileReference;
			lastKnownFileType = file;
			name = "juce_audio_processors";
			path = "/Applications/JUCE/modules/juce_audio_processors";
			sourceTree = "<absolute>";
		};
		9BE8D983A049571664845022 = {
			isa = PBXFileReference;
			lastKnownFileType = file;
			name = "juce_gui_extra";
			path = "/Applications/JUCE/modules/juce_gui_extra";
			sourceTree = "<absolute>";
		};
		A06D94B93A2A425292365FEC = {
			isa = PBXFileReference;
			lastKnownFileType = sourcecode.cpp.objcpp;
			name = "include_juce_audio_processors.mm";
			path = "../../JuceLibraryCode/include_juce_audio_processors.mm";
			sourceTree = "SOURCE_ROOT";
		};
		A3D0F1A2BAADE57419D487CD = {
			isa = PBXFileReference;
			lastKnownFileType = wrapper.framework;
			name = QuartzCore.framework;
			path = System/Library/Frameworks/QuartzCore.framework;
			sourceTree = SDKROOT;
		};
		A40927A25D2A1D4D9305F9C0 = {
			isa = PBXFileReference;
			lastKnownFileType = wrapper.framework;
			name = Carbon.framework;
			path = System/Library/Frameworks/Carbon.framework;
			sourceTree = SDKROOT;
		};
		A5319D93B53C5A92F170B694 = {
			isa = PBXFileReference;
			lastKnownFileType = wrapper.framework;
			name = DiscRecording.framework;
			path = System/Library/Frameworks/DiscRecording.framework;
			sourceTree = SDKROOT;
		};
		A7D7E2714C890CD6DA2851BE = {
			isa = PBXFileReference;
			lastKnownFileType = sourcecode.cpp.objcpp;
			name = "include_juce_core.mm";
			path = "../../JuceLibraryCode/include_juce_core.mm";
			sourceTree = "SOURCE_ROOT";
		};
		AB6C5D5636671ED925A343F5 = {
			isa = PBXFileReference;
			lastKnownFileType = sourcecode.cpp.objcpp;
			name = "include_juce_gui_extra.mm";
			path = "../../JuceLibraryCode/include_juce_gui_extra.mm";
			sourceTree = "SOURCE_ROOT";
		};
		B2ECB333FD1A705F8D081251 = {
			isa = PBXFileReference;
			lastKnownFileType = sourcecode.c.h;
			name = "module_Impulse.h";
			path = "../../Source/lib/modules/module_Impulse.h";
			sourceTree = "SOURCE_ROOT";
		};
		BD81FBE5C990A138C7FD16AE = {
			isa = PBXFileReference;
			lastKnownFileType = sourcecode.c.h;
			name = Inlet.h;
			path = ../../Source/lib/Inlet.h;
			sourceTree = "SOURCE_ROOT";
		};
		C3082CB41B89563A66D73285 = {
			isa = PBXFileReference;
			lastKnownFileType = sourcecode.cpp.cpp;
			name = ModuleBox.cpp;
			path = ../../Source/lib/ModuleBox.cpp;
			sourceTree = "SOURCE_ROOT";
		};
		C3394A32F972F294A244398F = {
			isa = PBXFileReference;
			lastKnownFileType = wrapper.framework;
			name = IOKit.framework;
			path = System/Library/Frameworks/IOKit.framework;
			sourceTree = SDKROOT;
		};
		C4F9BDFFB7A72C2E6C9610B9 = {
			isa = PBXFileReference;
			lastKnownFileType = sourcecode.cpp.cpp;
			name = "module_Output.cpp";
			path = "../../Source/lib/modules/module_Output.cpp";
			sourceTree = "SOURCE_ROOT";
		};
		CFF258DA3335F73A535212B6 = {
			isa = PBXFileReference;
			lastKnownFileType = file;
			name = "juce_core";
			path = "/Applications/JUCE/modules/juce_core";
			sourceTree = "<absolute>";
		};
		D42BF472D95E8C04106D14B5 = {
			isa = PBXFileReference;
			lastKnownFileType = sourcecode.cpp.objcpp;
			name = "include_juce_data_structures.mm";
			path = "../../JuceLibraryCode/include_juce_data_structures.mm";
			sourceTree = "SOURCE_ROOT";
		};
		D5862C9AEFBFA4590E4E225B = {
			isa = PBXFileReference;
			lastKnownFileType = wrapper.framework;
			name = AudioToolbox.framework;
			path = System/Library/Frameworks/AudioToolbox.framework;
			sourceTree = SDKROOT;
		};
		D58928919106DCE75B077D3E = {
			isa = PBXFileReference;
			lastKnownFileType = wrapper.framework;
			name = CoreAudioKit.framework;
			path = System/Library/Frameworks/CoreAudioKit.framework;
			sourceTree = SDKROOT;
		};
		DB40394E2CEC4010FF6E2029 = {
			isa = PBXFileReference;
			lastKnownFileType = file;
			name = "juce_data_structures";
			path = "/Applications/JUCE/modules/juce_data_structures";
			sourceTree = "<absolute>";
		};
		DC273E140B9857001A0821C0 = {
			isa = PBXFileReference;
			explicitFileType = wrapper.application;
			includeInIndex = 0;
			path = Phi.app;
			sourceTree = "BUILT_PRODUCTS_DIR";
		};
		DDC3A0ED65C8E0B7B95301F1 = {
			isa = PBXFileReference;
			lastKnownFileType = sourcecode.cpp.objcpp;
			name = "include_juce_opengl.mm";
			path = "../../JuceLibraryCode/include_juce_opengl.mm";
			sourceTree = "SOURCE_ROOT";
		};
		DFBAE6EA1E08DB0DB3F28B54 = {
			isa = PBXFileReference;
			lastKnownFileType = sourcecode.c.h;
			name = MainComponent.h;
			path = ../../Source/lib/MainComponent.h;
			sourceTree = "SOURCE_ROOT";
		};
		E35B196C6BF3E707B8D7CC0C = {
			isa = PBXFileReference;
			lastKnownFileType = sourcecode.cpp.cpp;
			name = "module_Impulse.cpp";
			path = "../../Source/lib/modules/module_Impulse.cpp";
			sourceTree = "SOURCE_ROOT";
		};
		E511084F15045CA9A716AF59 = {
			isa = PBXFileReference;
			lastKnownFileType = sourcecode.c.h;
			name = Modules.h;
			path = ../../Source/lib/modules/Modules.h;
			sourceTree = "SOURCE_ROOT";
		};
		E9A1A56A3614EB3731B51C85 = {
			isa = PBXFileReference;
			lastKnownFileType = sourcecode.c.h;
			name = MainPatcher.h;
			path = ../../Source/lib/MainPatcher.h;
			sourceTree = "SOURCE_ROOT";
		};
		EBF22CAF1C6435C5AE96B848 = {
			isa = PBXFileReference;
			lastKnownFileType = file;
			name = "juce_cryptography";
			path = "/Applications/JUCE/modules/juce_cryptography";
			sourceTree = "<absolute>";
		};
		ECD3510A48A26C5C98E7C15D = {
			isa = PBXFileReference;
			lastKnownFileType = sourcecode.c.h;
			name = AppConfig.h;
			path = ../../JuceLibraryCode/AppConfig.h;
			sourceTree = "SOURCE_ROOT";
		};
		ED04A8E0C6033A4DA2A0EC18 = {
			isa = PBXFileReference;
			lastKnownFileType = sourcecode.cpp.cpp;
			name = MainComponent.cpp;
			path = ../../Source/lib/MainComponent.cpp;
			sourceTree = "SOURCE_ROOT";
		};
		EED3A48C15B042D2EC7D9CA8 = {
			isa = PBXFileReference;
			lastKnownFileType = file;
			name = "juce_gui_basics";
			path = "/Applications/JUCE/modules/juce_gui_basics";
			sourceTree = "<absolute>";
		};
		F1826E6475E7CE03A49FEA0F = {
			isa = PBXFileReference;
			lastKnownFileType = file;
			name = "juce_blocks_basics";
			path = "/Applications/JUCE/modules/juce_blocks_basics";
			sourceTree = "<absolute>";
		};
		FBF09B8922398BFC21E5D424 = {
			isa = PBXFileReference;
			lastKnownFileType = file;
			name = "juce_opengl";
			path = "/Applications/JUCE/modules/juce_opengl";
			sourceTree = "<absolute>";
		};
		FC008F0BFDB02D7E3350892E = {
			isa = PBXFileReference;
			lastKnownFileType = file;
			name = "juce_events";
			path = "/Applications/JUCE/modules/juce_events";
			sourceTree = "<absolute>";
		};
		FE92DB7550612668B449A1D2 = {
			isa = PBXFileReference;
			lastKnownFileType = sourcecode.c.h;
			name = Outlet.h;
			path = ../../Source/lib/Outlet.h;
			sourceTree = "SOURCE_ROOT";
		};
		CCABB50029E0D3DBF3A85B8F = {
			isa = PBXGroup;
			children = (
				7164CF9CED043725376781DD,
				2EFC38288B22A00BEC97BF83,
				E35B196C6BF3E707B8D7CC0C,
				B2ECB333FD1A705F8D081251,
				E511084F15045CA9A716AF59,
				C4F9BDFFB7A72C2E6C9610B9,
				1F5270416577F78C58A0EBC2,
			);
			name = modules;
			sourceTree = "<group>";
		};
		266992BC8CDB7C4800447CDC = {
			isa = PBXGroup;
			children = (
				3C121D51C3D5090611DACAEC,
				0AA24E1C9DA60466F2A6339F,
				5092FBA61A1CB0175F5C9DC9,
				84C01122FE7A223C5D747B6C,
				0B70B03193EC2A39C665CD91,
			);
			name = UIobjects;
			sourceTree = "<group>";
		};
		007DF6ECE452A36910E03D17 = {
			isa = PBXGroup;
			children = (
				CCABB50029E0D3DBF3A85B8F,
				266992BC8CDB7C4800447CDC,
				2053A616EAB52B613B956D79,
				1AECD912FD23F13C816D676D,
				ED04A8E0C6033A4DA2A0EC18,
				DFBAE6EA1E08DB0DB3F28B54,
				3E431525AA44B802A2E55E62,
				E9A1A56A3614EB3731B51C85,
				8D513C723B11E5759CACC5B3,
				23E2C5204D09F0CE4EA6B8E2,
				C3082CB41B89563A66D73285,
				1AD44E286CF01485A65C9A1A,
				4BC24460C35406EBFDE8E8CD,
				BD81FBE5C990A138C7FD16AE,
				1186D06BB854804502B52136,
				FE92DB7550612668B449A1D2,
				9079847627D240B7F975B2C1,
				4EC7EE8D07A8A56EA6B3D55C,
			);
			name = lib;
			sourceTree = "<group>";
		};
		C234006283D75BBB5F8998CF = {
			isa = PBXGroup;
			children = (
				2328A53088699F2013DE68DE,
			);
			name = svg;
			sourceTree = "<group>";
		};
		61F5D8E56194E7D9FF11ABA0 = {
			isa = PBXGroup;
			children = (
				4F953428D91B1AC5D360D767,
				93DC649834E7C149D66986A9,
			);
			name = audio;
			sourceTree = "<group>";
		};
		BFA5CFE1CCF7014715AA84E9 = {
			isa = PBXGroup;
			children = (
				C234006283D75BBB5F8998CF,
				61F5D8E56194E7D9FF11ABA0,
			);
			name = resources;
			sourceTree = "<group>";
		};
		A77FBC70BAC6F35883DCAC8F = {
			isa = PBXGroup;
			children = (
				39F8CCBF76DFE28AF5AA97B5,
			);
			name = src;
			sourceTree = "<group>";
		};
		D5172AC295B26DCB697AAB6D = {
			isa = PBXGroup;
			children = (
				007DF6ECE452A36910E03D17,
				BFA5CFE1CCF7014715AA84E9,
				A77FBC70BAC6F35883DCAC8F,
			);
			name = Source;
			sourceTree = "<group>";
		};
		859599D3B6362E775AC7178C = {
			isa = PBXGroup;
			children = (
				D5172AC295B26DCB697AAB6D,
			);
			name = Phi;
			sourceTree = "<group>";
		};
		5DE57FC58651D146C7B09C05 = {
			isa = PBXGroup;
			children = (
				14004DBD91554F8E9F4EB09E,
				71D3F88E8B42CAB4CD339E12,
				326BBBDEB53D82EABA462AC5,
				945816576A270FB2A9BBE3A5,
				42DF739FBD0D658850D04215,
				F1826E6475E7CE03A49FEA0F,
				CFF258DA3335F73A535212B6,
				EBF22CAF1C6435C5AE96B848,
				DB40394E2CEC4010FF6E2029,
				26FC13B483B6A269DB4195D1,
				FC008F0BFDB02D7E3350892E,
				0696EAA936A1DE1CA0F34164,
				EED3A48C15B042D2EC7D9CA8,
				9BE8D983A049571664845022,
				FBF09B8922398BFC21E5D424,
			);
			name = "JUCE Modules";
			sourceTree = "<group>";
		};
		FD509E56F74DD43F656059E5 = {
			isa = PBXGroup;
			children = (
				ECD3510A48A26C5C98E7C15D,
				479726E3851AFBB96ACC79F6,
				12FBD27877FFA5EE54D2E2D5,
				14130AD82041584EA548EF56,
				84837EC52CB7C65DD7BE5BE7,
				57C94D13FE046325415E64C0,
				A06D94B93A2A425292365FEC,
				63D010782EFF5898DBD0AB7B,
				171DFD97E3C659B5476A24FC,
				A7D7E2714C890CD6DA2851BE,
				1147AC7FA41196D13080813F,
				D42BF472D95E8C04106D14B5,
				31CFF8A706671D42510E4B9D,
				38ABE2DB4B3EF85422D2B53F,
				0B49CD923001EB30BB2EDCD1,
				8C617467FC9B5C1D594A1FF1,
				AB6C5D5636671ED925A343F5,
				DDC3A0ED65C8E0B7B95301F1,
				5BD44830D0192D8731A41D6E,
			);
			name = "JUCE Library Code";
			sourceTree = "<group>";
		};
		DC6DF7FB4542C7E1313A8FEC = {
			isa = PBXGroup;
			children = (
				023870FAC81E7885A990099E,
				72878FBED160E7898B877B43,
			);
			name = Resources;
			sourceTree = "<group>";
		};
		301AEFC8CEDC8E163FBB82D5 = {
			isa = PBXGroup;
			children = (
				726A8905C37A649EF9C5F1D4,
				D5862C9AEFBFA4590E4E225B,
				A40927A25D2A1D4D9305F9C0,
				409DBA1CEF7F82DB8607AF5D,
				6C393C0EDD7E90BCAB91C5DF,
				D58928919106DCE75B077D3E,
				45FE351D31071A7875ACCA14,
				A5319D93B53C5A92F170B694,
				C3394A32F972F294A244398F,
				65B5A56152D6BE70B0AC5E1C,
				A3D0F1A2BAADE57419D487CD,
				8E6F388451769A81811DE377,
			);
			name = Frameworks;
			sourceTree = "<group>";
		};
		C13C4DE1677DB227D4A7CA95 = {
			isa = PBXGroup;
			children = (
				DC273E140B9857001A0821C0,
			);
			name = Products;
			sourceTree = "<group>";
		};
		38AC18BE41BE753FF1B5842D = {
			isa = PBXGroup;
			children = (
				859599D3B6362E775AC7178C,
				5DE57FC58651D146C7B09C05,
				FD509E56F74DD43F656059E5,
				DC6DF7FB4542C7E1313A8FEC,
				301AEFC8CEDC8E163FBB82D5,
				C13C4DE1677DB227D4A7CA95,
			);
			name = Source;
			sourceTree = "<group>";
		};
		51A0A60B3189691043B67312 = {
			isa = XCBuildConfiguration;
			buildSettings = {
				CLANG_CXX_LANGUAGE_STANDARD = "c++17";
				CLANG_CXX_LIBRARY = "libc++";
				CLANG_LINK_OBJC_RUNTIME = NO;
				CODE_SIGN_IDENTITY = "";
				COMBINE_HIDPI_IMAGES = YES;
				CONFIGURATION_BUILD_DIR = "$(PROJECT_DIR)/build/$(CONFIGURATION)";
				COPY_PHASE_STRIP = NO;
				GCC_DYNAMIC_NO_PIC = NO;
				GCC_OPTIMIZATION_LEVEL = 0;
				GCC_PREPROCESSOR_DEFINITIONS = (
					"_DEBUG=1",
					"DEBUG=1",
					"JUCER_XCODE_MAC_F6D2F4CF=1",
					"JUCE_APP_VERSION=1.0.0",
					"JUCE_APP_VERSION_HEX=0x10000",
					"JucePlugin_Build_VST=0",
					"JucePlugin_Build_VST3=0",
					"JucePlugin_Build_AU=0",
					"JucePlugin_Build_AUv3=0",
					"JucePlugin_Build_RTAS=0",
					"JucePlugin_Build_AAX=0",
					"JucePlugin_Build_Standalone=0",
					"JucePlugin_Build_Unity=0",
				);
				GCC_VERSION = com.apple.compilers.llvm.clang.1_0;
				HEADER_SEARCH_PATHS = (
					"../../JuceLibraryCode",
					"/Applications/JUCE/modules",
					"$(inherited)",
				);
				INFOPLIST_FILE = Info-App.plist;
				INFOPLIST_PREPROCESS = NO;
				INSTALL_PATH = "$(HOME)/Applications";
				MACOSX_DEPLOYMENT_TARGET = 10.11;
				PRODUCT_BUNDLE_IDENTIFIER = com.yourcompany.Phi;
				PRODUCT_NAME = "Phi";
				USE_HEADERMAP = NO;
			};
			name = Debug;
		};
		8A1A0E03BD5F14D90CA70FE8 = {
			isa = XCBuildConfiguration;
			buildSettings = {
				CLANG_CXX_LANGUAGE_STANDARD = "c++17";
				CLANG_CXX_LIBRARY = "libc++";
				CLANG_LINK_OBJC_RUNTIME = NO;
				CODE_SIGN_IDENTITY = "";
				COMBINE_HIDPI_IMAGES = YES;
				CONFIGURATION_BUILD_DIR = "$(PROJECT_DIR)/build/$(CONFIGURATION)";
				DEAD_CODE_STRIPPING = YES;
				GCC_GENERATE_DEBUGGING_SYMBOLS = NO;
				GCC_OPTIMIZATION_LEVEL = 3;
				GCC_PREPROCESSOR_DEFINITIONS = (
					"_NDEBUG=1",
					"NDEBUG=1",
					"JUCER_XCODE_MAC_F6D2F4CF=1",
					"JUCE_APP_VERSION=1.0.0",
					"JUCE_APP_VERSION_HEX=0x10000",
					"JucePlugin_Build_VST=0",
					"JucePlugin_Build_VST3=0",
					"JucePlugin_Build_AU=0",
					"JucePlugin_Build_AUv3=0",
					"JucePlugin_Build_RTAS=0",
					"JucePlugin_Build_AAX=0",
					"JucePlugin_Build_Standalone=0",
					"JucePlugin_Build_Unity=0",
				);
				GCC_SYMBOLS_PRIVATE_EXTERN = YES;
				GCC_VERSION = com.apple.compilers.llvm.clang.1_0;
				HEADER_SEARCH_PATHS = (
					"../../JuceLibraryCode",
					"/Applications/JUCE/modules",
					"$(inherited)",
				);
				INFOPLIST_FILE = Info-App.plist;
				INFOPLIST_PREPROCESS = NO;
				INSTALL_PATH = "$(HOME)/Applications";
				LLVM_LTO = YES;
				MACOSX_DEPLOYMENT_TARGET = 10.11;
				PRODUCT_BUNDLE_IDENTIFIER = com.yourcompany.Phi;
				PRODUCT_NAME = "Phi";
				USE_HEADERMAP = NO;
			};
			name = Release;
		};
		1863CABBA02DF1DBD36E3488 = {
			isa = XCBuildConfiguration;
			buildSettings = {
				ALWAYS_SEARCH_USER_PATHS = NO;
				CLANG_ENABLE_OBJC_WEAK = YES;
				CLANG_WARN_BLOCK_CAPTURE_AUTORELEASING = YES;
				CLANG_WARN_BOOL_CONVERSION = YES;
				CLANG_WARN_COMMA = YES;
				CLANG_WARN_CONSTANT_CONVERSION = YES;
				CLANG_WARN_DEPRECATED_OBJC_IMPLEMENTATIONS = YES;
				CLANG_WARN_EMPTY_BODY = YES;
				CLANG_WARN_ENUM_CONVERSION = YES;
				CLANG_WARN_INFINITE_RECURSION = YES;
				CLANG_WARN_INT_CONVERSION = YES;
				CLANG_WARN_NON_LITERAL_NULL_CONVERSION = YES;
				CLANG_WARN_OBJC_IMPLICIT_RETAIN_SELF = YES;
				CLANG_WARN_OBJC_LITERAL_CONVERSION = YES;
				CLANG_WARN_RANGE_LOOP_ANALYSIS = YES;
				CLANG_WARN_STRICT_PROTOTYPES = YES;
				CLANG_WARN_SUSPICIOUS_MOVE = YES;
				CLANG_WARN_UNREACHABLE_CODE = YES;
				CLANG_WARN__DUPLICATE_METHOD_MATCH = YES;
				CODE_SIGN_IDENTITY = "";
				DEBUG_INFORMATION_FORMAT = dwarf;
				ENABLE_STRICT_OBJC_MSGSEND = YES;
				ENABLE_TESTABILITY = YES;
				GCC_C_LANGUAGE_STANDARD = c11;
				GCC_INLINES_ARE_PRIVATE_EXTERN = YES;
				GCC_MODEL_TUNING = G5;
				GCC_NO_COMMON_BLOCKS = YES;
				GCC_WARN_64_TO_32_BIT_CONVERSION = YES;
				GCC_WARN_ABOUT_RETURN_TYPE = YES;
				GCC_WARN_CHECK_SWITCH_STATEMENTS = YES;
				GCC_WARN_MISSING_PARENTHESES = YES;
				GCC_WARN_NON_VIRTUAL_DESTRUCTOR = YES;
				GCC_WARN_TYPECHECK_CALLS_TO_PRINTF = YES;
				GCC_WARN_UNDECLARED_SELECTOR = YES;
				GCC_WARN_UNINITIALIZED_AUTOS = YES;
				GCC_WARN_UNUSED_FUNCTION = YES;
				GCC_WARN_UNUSED_VARIABLE = YES;
				ONLY_ACTIVE_ARCH = YES;
				PRODUCT_NAME = "Phi";
				SDKROOT = macosx;
				WARNING_CFLAGS = "-Wreorder";
				ZERO_LINK = NO;
			};
			name = Debug;
		};
		6ABFB4DB9A247FC797F6C6CD = {
			isa = XCBuildConfiguration;
			buildSettings = {
				ALWAYS_SEARCH_USER_PATHS = NO;
				CLANG_ENABLE_OBJC_WEAK = YES;
				CLANG_WARN_BLOCK_CAPTURE_AUTORELEASING = YES;
				CLANG_WARN_BOOL_CONVERSION = YES;
				CLANG_WARN_COMMA = YES;
				CLANG_WARN_CONSTANT_CONVERSION = YES;
				CLANG_WARN_DEPRECATED_OBJC_IMPLEMENTATIONS = YES;
				CLANG_WARN_EMPTY_BODY = YES;
				CLANG_WARN_ENUM_CONVERSION = YES;
				CLANG_WARN_INFINITE_RECURSION = YES;
				CLANG_WARN_INT_CONVERSION = YES;
				CLANG_WARN_NON_LITERAL_NULL_CONVERSION = YES;
				CLANG_WARN_OBJC_IMPLICIT_RETAIN_SELF = YES;
				CLANG_WARN_OBJC_LITERAL_CONVERSION = YES;
				CLANG_WARN_RANGE_LOOP_ANALYSIS = YES;
				CLANG_WARN_STRICT_PROTOTYPES = YES;
				CLANG_WARN_SUSPICIOUS_MOVE = YES;
				CLANG_WARN_UNREACHABLE_CODE = YES;
				CLANG_WARN__DUPLICATE_METHOD_MATCH = YES;
				CODE_SIGN_IDENTITY = "";
				DEBUG_INFORMATION_FORMAT = dwarf;
				ENABLE_STRICT_OBJC_MSGSEND = YES;
				GCC_C_LANGUAGE_STANDARD = c11;
				GCC_INLINES_ARE_PRIVATE_EXTERN = YES;
				GCC_MODEL_TUNING = G5;
				GCC_NO_COMMON_BLOCKS = YES;
				GCC_WARN_64_TO_32_BIT_CONVERSION = YES;
				GCC_WARN_ABOUT_RETURN_TYPE = YES;
				GCC_WARN_CHECK_SWITCH_STATEMENTS = YES;
				GCC_WARN_MISSING_PARENTHESES = YES;
				GCC_WARN_NON_VIRTUAL_DESTRUCTOR = YES;
				GCC_WARN_TYPECHECK_CALLS_TO_PRINTF = YES;
				GCC_WARN_UNDECLARED_SELECTOR = YES;
				GCC_WARN_UNINITIALIZED_AUTOS = YES;
				GCC_WARN_UNUSED_FUNCTION = YES;
				GCC_WARN_UNUSED_VARIABLE = YES;
				PRODUCT_NAME = "Phi";
				SDKROOT = macosx;
				WARNING_CFLAGS = "-Wreorder";
				ZERO_LINK = NO;
			};
			name = Release;
		};
		EE1AE2A4ACE7A8344122061A = {
			isa = PBXTargetDependency;
			target = 11B47DD725D8A6364D6E3E0C;
		};
		29D75E91BEE718BD1F3AF1C7 = {
			isa = XCConfigurationList;
			buildConfigurations = (
				1863CABBA02DF1DBD36E3488,
				6ABFB4DB9A247FC797F6C6CD,
			);
			defaultConfigurationIsVisible = 0;
			defaultConfigurationName = Debug;
		};
		BD739AAA3E587C49AD96C3A8 = {
			isa = XCConfigurationList;
			buildConfigurations = (
				51A0A60B3189691043B67312,
				8A1A0E03BD5F14D90CA70FE8,
			);
			defaultConfigurationIsVisible = 0;
			defaultConfigurationName = Debug;
		};
		E235377DFF8EADE81D172274 = {
			isa = PBXResourcesBuildPhase;
			buildActionMask = 2147483647;
			files = (
				B17D5BA6A636B4F0C79D8DAB,
			);
			runOnlyForDeploymentPostprocessing = 0;
		};
		39422CAE71EB350E1103B78F = {
			isa = PBXSourcesBuildPhase;
			buildActionMask = 2147483647;
			files = (
				4A1A1335FCC86578C9D276C1,
				D2692329684998F28089DA73,
				E2E682DEDCD00D9C0D57A272,
				2B7F58A3519F65232FF9ED30,
				1F9D4AAFA9EFCDDC71E6B37E,
				7C85C36FA4B5FEAA6653A930,
				872335780B65E2FB85C58C7B,
				72EFE9C1C3DA2F793CE719CF,
				7C5E8BAC9968BDCA8D2E783F,
				B91E703D06D1AE36AEA404C8,
				A5DE9BC95D4920E0F7DF5258,
				7BDF1C7059968ACCCC17B4AC,
				39C61CCA9895CF219C7CB29A,
				22EF847F8F61472D88E5B7F8,
				5B044C5BC2FB7EC8D2C0FFBD,
				33BFE0A96862620B1EF15239,
				0A79954CEBE1295D35B4A716,
				1B6CA06D8FC5A2C10E9A8855,
				4A5A0E536F59D871B4355F44,
				CF098944A747024D3763D971,
				368DEFD8785492EE9F358C1C,
				63373D776F4727F7E3875457,
				2A5FDD0E279F24DB62770424,
				E083555DDA7F08BBF1A81B09,
				7AF7718A65E9E8149AC6DCB6,
				82ED8C117FA5759A3AE8594A,
				E0660526B76EB5AE6ABE8D19,
				7925BDE73C079708FD7D46BE,
				C44BA2381E6B93EA82A0F85C,
				0259AD716C38C575B9635012,
			);
			runOnlyForDeploymentPostprocessing = 0;
		};
		CA3B94007BAF36D57BB77879 = {
			isa = PBXFrameworksBuildPhase;
			buildActionMask = 2147483647;
			files = (
				75035501A7CF2F26E6D328D8,
				CE54D3CEFB748A3F1929C420,
				33937E260F6A72DD1177FE62,
				7909252D371ADE44E9FDCD8E,
				E39FECB5AE019E4E071E2F8E,
				A23FE4C717A3891D69D5A9D5,
				905A4A19DACF2BD3922B40EB,
				809D4AF3B27ABD660B1D1F15,
				6A1D2AAF54AA1E563E3F3855,
				A75E9C50E7176CD35EFADDE3,
				B0BDFC5CC3B76E7DAA43364B,
				F772FEDF80E51BAD339C2568,
			);
			runOnlyForDeploymentPostprocessing = 0;
		};
		11B47DD725D8A6364D6E3E0C = {
			isa = PBXNativeTarget;
			buildConfigurationList = BD739AAA3E587C49AD96C3A8;
			buildPhases = (
				E235377DFF8EADE81D172274,
				39422CAE71EB350E1103B78F,
				CA3B94007BAF36D57BB77879,
			);
			buildRules = ( );
			dependencies = ( );
			name = "Phi - App";
			productName = Phi;
			productReference = DC273E140B9857001A0821C0;
			productType = "com.apple.product-type.application";
		};
		4D20F50BFD4EE609DFB9B4AC = {
			isa = PBXProject;
			buildConfigurationList = 29D75E91BEE718BD1F3AF1C7;
			attributes = { LastUpgradeCheck = 1100; ORGANIZATIONNAME = ""; TargetAttributes = { 11B47DD725D8A6364D6E3E0C = { SystemCapabilities = {com.apple.ApplicationGroups.iOS = { enabled = 0; }; com.apple.InAppPurchase = { enabled = 0; }; com.apple.InterAppAudio = { enabled = 0; }; com.apple.Push = { enabled = 0; }; com.apple.Sandbox = { enabled = 0; }; com.apple.HardenedRuntime = { enabled = 0; }; }; }; }; };
			compatibilityVersion = "Xcode 3.2";
			hasScannedForEncodings = 0;
			mainGroup = 38AC18BE41BE753FF1B5842D;
			projectDirPath = "";
			projectRoot = "";
			targets = (11B47DD725D8A6364D6E3E0C);
			knownRegions = (en, Base);
		};
	};
	rootObject = 4D20F50BFD4EE609DFB9B4AC;
}
